github.com/NVIDIA/gpu-monitoring-tools v0.0.0-20200116003318-021662a21098 h1:9qTpKR5TnUxu+ViqhxkpANee27meaoHYwV0f1SnRqgI=
github.com/NVIDIA/gpu-monitoring-tools v0.0.0-20200116003318-021662a21098/go.mod h1:nMOvShGpWaf0bXwXmeu4k+O4uziuaEI8pWzIj3BUrOA=
github.com/robfig/cron v1.2.0 h1:ZjScXvvxeQ63Dbyxy76Fj3AT3Ut0aKsyd2/tl3DTMuQ=
github.com/robfig/cron v1.2.0/go.mod h1:JGuDeoQd7Z6yL4zQhZ3OPEVHB7fL6Ka6skscFHfmt2k=
